PODS:
  - Nuke (10.7.1)
  - Sourcery (1.9.0):
    - Sourcery/CLI-Only (= 1.9.0)
  - Sourcery/CLI-Only (1.9.0)

DEPENDENCIES:
  - Nuke
  - Sourcery

SPEC REPOS:
  trunk:
    - Nuke
    - Sourcery

SPEC CHECKSUMS:
  Nuke: 279f17a599fd1c83cf51de5e0e1f2db143a287b0
  Sourcery: d7c59d100e55bf59123c8ae7d65a24cf30748979

PODFILE CHECKSUM: a97051cf649fa8eb31a5aaf06b0bcec4d88ca428

COCOAPODS: 1.11.3
